
Microsoft Visual Studio Solution File, Format Version 12.00
# Visual Studio Version 17
VisualStudioVersion = 17.14.36623.8 d17.14
MinimumVisualStudioVersion = 10.0.40219.1
Project("{FAE04EC0-301F-11D3-BF4B-00C04F79EFBC}") = "BookStoreApp.API", "BookStoreApp.API\BookStoreApp.API.csproj", "{CD0D8076-3874-4366-A96D-4F8F16424E46}"
EndProject
Global
	GlobalSection(SolutionConfigurationPlatforms) = preSolution
		Debug|Any CPU = Debug|Any CPU
		Release|Any CPU = Release|Any CPU
	EndGlobalSection
	GlobalSection(ProjectConfigurationPlatforms) = postSolution
		{CD0D8076-3874-4366-A96D-4F8F16424E46}.Debug|Any CPU.ActiveCfg = Debug|Any CPU
		{CD0D8076-3874-4366-A96D-4F8F16424E46}.Debug|Any CPU.Build.0 = Debug|Any CPU
		{CD0D8076-3874-4366-A96D-4F8F16424E46}.Release|Any CPU.ActiveCfg = Release|Any CPU
		{CD0D8076-3874-4366-A96D-4F8F16424E46}.Release|Any CPU.Build.0 = Release|Any CPU
	EndGlobalSection
	GlobalSection(SolutionProperties) = preSolution
		HideSolutionNode = FALSE
	EndGlobalSection
	GlobalSection(ExtensibilityGlobals) = postSolution
		SolutionGuid = {CE7EF0CA-8926-4EAD-96F8-5C2D0364738E}
	EndGlobalSection
EndGlobal
